schema: '2.0'
stages:
  load_data:
    cmd: python src/load_data.py
    deps:
    - path: src/load_data.py
      md5: db94f13dab25164fb992831442e357e7
      size: 228
    outs:
    - path: output/data.pkl
      md5: 35353c71da0985eed8bb507bbc53bd91
      size: 54950285
  train:
    cmd: python src/train.py
    deps:
    - path: output/data.pkl
      md5: 35353c71da0985eed8bb507bbc53bd91
      size: 54950285
    - path: src/train.py
      md5: 6d4bb445c1c3c89ee753148f7cdc793b
      size: 2377
    params:
      params.yaml:
        train.batch_size: 128
        train.dropout: 0.43
        train.hidden_units: 64
        train.lr: 0.001
        train.num_epochs: 2
    outs:
    - path: output/model.h5
      md5: 77cb94e0d872df090ea740db8d9a143c
      size: 3681752
    - path: output/train_logs.csv
      md5: 7f49f369e1baf89b2f4517e6ea84ea75
      size: 101
  evaluate:
    cmd: python src/evaluate.py
    deps:
    - path: output/data.pkl
      md5: 35353c71da0985eed8bb507bbc53bd91
      size: 54950285
    - path: output/model.h5
      md5: 77cb94e0d872df090ea740db8d9a143c
      size: 3681752
    - path: src/evaluate.py
      md5: 56af2219bbc7599971432616d8afdf13
      size: 1161
    outs:
    - path: output/metrics.json
      md5: ba43b36101adac04f057e03ab28c6281
      size: 58
    - path: output/predictions.json
      md5: 15dc0819fcc5fec7ff9502ea20c29f0b
      size: 310000
